
Microsoft Visual Studio Solution File, Format Version 12.00
# Visual Studio Version 16
VisualStudioVersion = 16.0.31321.278
MinimumVisualStudioVersion = 10.0.40219.1
Project("{FAE04EC0-301F-11D3-BF4B-00C04F79EFBC}") = "StringBenchmark", "StringBenchmark\StringBenchmark.csproj", "{3CAA87F2-D559-4DBA-9774-A2AD601780D6}"
EndProject
Project("{FAE04EC0-301F-11D3-BF4B-00C04F79EFBC}") = "String", "String\String.csproj", "{4276A691-214D-48D0-8D3E-49281BC95D72}"
EndProject
Global
	GlobalSection(SolutionConfigurationPlatforms) = preSolution
		Debug|Any CPU = Debug|Any CPU
		Release|Any CPU = Release|Any CPU
	EndGlobalSection
	GlobalSection(ProjectConfigurationPlatforms) = postSolution
		{3CAA87F2-D559-4DBA-9774-A2AD601780D6}.Debug|Any CPU.ActiveCfg = Debug|Any CPU
		{3CAA87F2-D559-4DBA-9774-A2AD601780D6}.Debug|Any CPU.Build.0 = Debug|Any CPU
		{3CAA87F2-D559-4DBA-9774-A2AD601780D6}.Release|Any CPU.ActiveCfg = Release|Any CPU
		{3CAA87F2-D559-4DBA-9774-A2AD601780D6}.Release|Any CPU.Build.0 = Release|Any CPU
		{4276A691-214D-48D0-8D3E-49281BC95D72}.Debug|Any CPU.ActiveCfg = Debug|Any CPU
		{4276A691-214D-48D0-8D3E-49281BC95D72}.Debug|Any CPU.Build.0 = Debug|Any CPU
		{4276A691-214D-48D0-8D3E-49281BC95D72}.Release|Any CPU.ActiveCfg = Release|Any CPU
		{4276A691-214D-48D0-8D3E-49281BC95D72}.Release|Any CPU.Build.0 = Release|Any CPU
	EndGlobalSection
	GlobalSection(SolutionProperties) = preSolution
		HideSolutionNode = FALSE
	EndGlobalSection
	GlobalSection(ExtensibilityGlobals) = postSolution
		SolutionGuid = {41726EEA-0315-4AC5-A4C9-038F023008A0}
	EndGlobalSection
EndGlobal
